
Microsoft Visual Studio Solution File, Format Version 12.00
# Visual Studio Version 16
VisualStudioVersion = 16.0.29926.136
MinimumVisualStudioVersion = 10.0.40219.1
Project("{9A19103F-16F7-4668-BE54-9A1E7A4F7556}") = "PricingService", "PricingService\PricingService.csproj", "{1FE999BA-76D7-4370-ACC2-7CF01D4A3010}"
EndProject
Project("{9A19103F-16F7-4668-BE54-9A1E7A4F7556}") = "PricingService.Test", "PricingService.Test\PricingService.Test.csproj", "{B403DB5E-05C1-4D8E-BF31-AEBBCB3C04D5}"
EndProject
Project("{9A19103F-16F7-4668-BE54-9A1E7A4F7556}") = "PricingService.Api", "PricingService.Api\PricingService.Api.csproj", "{77EAC85D-CE6F-4996-9ADC-932A28053D01}"
EndProject
Project("{9A19103F-16F7-4668-BE54-9A1E7A4F7556}") = "PolicyService.Api", "PolicyService.Api\PolicyService.Api.csproj", "{A2A29E24-DC5B-453D-8514-D3DDF79B284F}"
EndProject
Project("{9A19103F-16F7-4668-BE54-9A1E7A4F7556}") = "PolicyService", "PolicyService\PolicyService.csproj", "{36EC8F58-0207-4E6D-B574-C2CD24DE023C}"
EndProject
Project("{9A19103F-16F7-4668-BE54-9A1E7A4F7556}") = "PolicyService.Test", "PolicyService.Test\PolicyService.Test.csproj", "{3D15ED2D-92CD-46C4-9321-D32263809143}"
EndProject
Project("{9A19103F-16F7-4668-BE54-9A1E7A4F7556}") = "PaymentService", "PaymentService\PaymentService.csproj", "{01CDAB83-768A-4595-B1BC-94F1A5537A6D}"
EndProject
Project("{9A19103F-16F7-4668-BE54-9A1E7A4F7556}") = "PaymentService.Api", "PaymentService.Api\PaymentService.Api.csproj", "{8A8ABB83-CE27-4D3A-9DD4-28CFCDAB4F3B}"
EndProject
Project("{9A19103F-16F7-4668-BE54-9A1E7A4F7556}") = "PaymentService.Test", "PaymentService.Test\PaymentService.Test.csproj", "{3CF089DC-942E-49CF-8A08-0C742B74CAA7}"
EndProject
Project("{9A19103F-16F7-4668-BE54-9A1E7A4F7556}") = "PolicySearchService.Api", "PolicySearchService.Api\PolicySearchService.Api.csproj", "{61711E87-3DBB-42B2-BF55-A81D7C816A30}"
EndProject
Project("{9A19103F-16F7-4668-BE54-9A1E7A4F7556}") = "PolicySearchService", "PolicySearchService\PolicySearchService.csproj", "{9E236FCE-FB0A-4A79-AE5E-461F94292DC6}"
EndProject
Project("{9A19103F-16F7-4668-BE54-9A1E7A4F7556}") = "ProductService", "ProductService\ProductService.csproj", "{F833AF9A-A0B4-40D4-BBC0-4DB9019D5D90}"
EndProject
Project("{9A19103F-16F7-4668-BE54-9A1E7A4F7556}") = "ProductService.Api", "ProductService.Api\ProductService.Api.csproj", "{177B6410-E972-4FD3-B2ED-A38EB079DBB3}"
EndProject
Project("{9A19103F-16F7-4668-BE54-9A1E7A4F7556}") = "ProductService.Test", "ProductService.Test\ProductService.Test.csproj", "{AC9F548D-A656-4C89-8752-90C22960E5FA}"
EndProject
Project("{9A19103F-16F7-4668-BE54-9A1E7A4F7556}") = "AuthService", "AuthService\AuthService.csproj", "{D4978EBD-B128-4B45-B60E-D91EAC21873A}"
EndProject
Project("{9A19103F-16F7-4668-BE54-9A1E7A4F7556}") = "AgentPortalApiGateway", "AgentPortalApiGateway\AgentPortalApiGateway.csproj", "{DDD629C8-7CB8-4829-869A-2B134C7A20FA}"
EndProject
Project("{9A19103F-16F7-4668-BE54-9A1E7A4F7556}") = "PricingService.IntegrationTest", "PricingService.IntegrationTest\PricingService.IntegrationTest.csproj", "{B5FF5E4B-8184-4B2A-A905-D445A09362FA}"
EndProject
Project("{9A19103F-16F7-4668-BE54-9A1E7A4F7556}") = "ChatService", "ChatService\ChatService.csproj", "{1AEA594D-19DF-46B9-964C-B6BD11540FA2}"
EndProject
Project("{9A19103F-16F7-4668-BE54-9A1E7A4F7556}") = "ChatService.Api", "ChatService.Api\ChatService.Api.csproj", "{A284655C-40E8-4AFE-A8FD-5AAC4728E634}"
EndProject
Project("{2150E333-8FDC-42A3-9474-1A3956D46DE8}") = "Services", "Services", "{6F886F48-6879-48BD-BA86-E6A5733E9CB4}"
EndProject
Project("{2150E333-8FDC-42A3-9474-1A3956D46DE8}") = "Pricing", "Pricing", "{9B8D8306-7951-4065-9461-EF4E1AAF9AA7}"
EndProject
Project("{2150E333-8FDC-42A3-9474-1A3956D46DE8}") = "Policy", "Policy", "{544CAE58-D91C-4142-9CDF-1DB6A5E07E77}"
EndProject
Project("{2150E333-8FDC-42A3-9474-1A3956D46DE8}") = "Product", "Product", "{A98DD89A-0197-4641-8ABF-22B6B19B9EA7}"
EndProject
Project("{2150E333-8FDC-42A3-9474-1A3956D46DE8}") = "Payment", "Payment", "{4C578938-3027-44B3-AA20-83F99F483C88}"
EndProject
Project("{2150E333-8FDC-42A3-9474-1A3956D46DE8}") = "PolicySearch", "PolicySearch", "{8011551E-9A31-4F02-BF51-397018F8C0DA}"
EndProject
Project("{2150E333-8FDC-42A3-9474-1A3956D46DE8}") = "Clients", "Clients", "{D9918A8C-37E4-44BE-82C4-B11172F52A2E}"
EndProject
Project("{FAE04EC0-301F-11D3-BF4B-00C04F79EFBC}") = "Mobile.UWP", "Mobile\Mobile.UWP\Mobile.UWP.csproj", "{6B457417-A886-4CFE-B95C-32EBE879DC91}"
EndProject
Project("{FAE04EC0-301F-11D3-BF4B-00C04F79EFBC}") = "Mobile.Android", "Mobile\Mobile.Android\Mobile.Android.csproj", "{3E131204-E619-4F18-B766-C046A5D81742}"
EndProject
Project("{FAE04EC0-301F-11D3-BF4B-00C04F79EFBC}") = "Mobile.iOS", "Mobile\Mobile.iOS\Mobile.iOS.csproj", "{B50CA245-6610-4206-9DC6-C86AD667D7BF}"
EndProject
Project("{9A19103F-16F7-4668-BE54-9A1E7A4F7556}") = "Mobile", "Mobile\Mobile\Mobile.csproj", "{2CC6CD6B-06D9-405F-9D3F-19617705E866}"
EndProject
Global
	GlobalSection(SolutionConfigurationPlatforms) = preSolution
		Debug|Any CPU = Debug|Any CPU
		Debug|ARM = Debug|ARM
		Debug|iPhone = Debug|iPhone
		Debug|iPhoneSimulator = Debug|iPhoneSimulator
		Debug|x64 = Debug|x64
		Debug|x86 = Debug|x86
		Release|Any CPU = Release|Any CPU
		Release|ARM = Release|ARM
		Release|iPhone = Release|iPhone
		Release|iPhoneSimulator = Release|iPhoneSimulator
		Release|x64 = Release|x64
		Release|x86 = Release|x86
	EndGlobalSection
	GlobalSection(ProjectConfigurationPlatforms) = postSolution
		{1FE999BA-76D7-4370-ACC2-7CF01D4A3010}.Debug|Any CPU.ActiveCfg = Debug|Any CPU
		{1FE999BA-76D7-4370-ACC2-7CF01D4A3010}.Debug|Any CPU.Build.0 = Debug|Any CPU
		{1FE999BA-76D7-4370-ACC2-7CF01D4A3010}.Debug|ARM.ActiveCfg = Debug|Any CPU
		{1FE999BA-76D7-4370-ACC2-7CF01D4A3010}.Debug|ARM.Build.0 = Debug|Any CPU
		{1FE999BA-76D7-4370-ACC2-7CF01D4A3010}.Debug|iPhone.ActiveCfg = Debug|Any CPU
		{1FE999BA-76D7-4370-ACC2-7CF01D4A3010}.Debug|iPhone.Build.0 = Debug|Any CPU
		{1FE999BA-76D7-4370-ACC2-7CF01D4A3010}.Debug|iPhoneSimulator.ActiveCfg = Debug|Any CPU
		{1FE999BA-76D7-4370-ACC2-7CF01D4A3010}.Debug|iPhoneSimulator.Build.0 = Debug|Any CPU
		{1FE999BA-76D7-4370-ACC2-7CF01D4A3010}.Debug|x64.ActiveCfg = Debug|Any CPU
		{1FE999BA-76D7-4370-ACC2-7CF01D4A3010}.Debug|x64.Build.0 = Debug|Any CPU
		{1FE999BA-76D7-4370-ACC2-7CF01D4A3010}.Debug|x86.ActiveCfg = Debug|Any CPU
		{1FE999BA-76D7-4370-ACC2-7CF01D4A3010}.Debug|x86.Build.0 = Debug|Any CPU
		{1FE999BA-76D7-4370-ACC2-7CF01D4A3010}.Release|Any CPU.ActiveCfg = Release|Any CPU
		{1FE999BA-76D7-4370-ACC2-7CF01D4A3010}.Release|Any CPU.Build.0 = Release|Any CPU
		{1FE999BA-76D7-4370-ACC2-7CF01D4A3010}.Release|ARM.ActiveCfg = Release|Any CPU
		{1FE999BA-76D7-4370-ACC2-7CF01D4A3010}.Release|ARM.Build.0 = Release|Any CPU
		{1FE999BA-76D7-4370-ACC2-7CF01D4A3010}.Release|iPhone.ActiveCfg = Release|Any CPU
		{1FE999BA-76D7-4370-ACC2-7CF01D4A3010}.Release|iPhone.Build.0 = Release|Any CPU
		{1FE999BA-76D7-4370-ACC2-7CF01D4A3010}.Release|iPhoneSimulator.ActiveCfg = Release|Any CPU
		{1FE999BA-76D7-4370-ACC2-7CF01D4A3010}.Release|iPhoneSimulator.Build.0 = Release|Any CPU
		{1FE999BA-76D7-4370-ACC2-7CF01D4A3010}.Release|x64.ActiveCfg = Release|Any CPU
		{1FE999BA-76D7-4370-ACC2-7CF01D4A3010}.Release|x64.Build.0 = Release|Any CPU
		{1FE999BA-76D7-4370-ACC2-7CF01D4A3010}.Release|x86.ActiveCfg = Release|Any CPU
		{1FE999BA-76D7-4370-ACC2-7CF01D4A3010}.Release|x86.Build.0 = Release|Any CPU
		{B403DB5E-05C1-4D8E-BF31-AEBBCB3C04D5}.Debug|Any CPU.ActiveCfg = Debug|Any CPU
		{B403DB5E-05C1-4D8E-BF31-AEBBCB3C04D5}.Debug|Any CPU.Build.0 = Debug|Any CPU
		{B403DB5E-05C1-4D8E-BF31-AEBBCB3C04D5}.Debug|ARM.ActiveCfg = Debug|Any CPU
		{B403DB5E-05C1-4D8E-BF31-AEBBCB3C04D5}.Debug|ARM.Build.0 = Debug|Any CPU
		{B403DB5E-05C1-4D8E-BF31-AEBBCB3C04D5}.Debug|iPhone.ActiveCfg = Debug|Any CPU
		{B403DB5E-05C1-4D8E-BF31-AEBBCB3C04D5}.Debug|iPhone.Build.0 = Debug|Any CPU
		{B403DB5E-05C1-4D8E-BF31-AEBBCB3C04D5}.Debug|iPhoneSimulator.ActiveCfg = Debug|Any CPU
		{B403DB5E-05C1-4D8E-BF31-AEBBCB3C04D5}.Debug|iPhoneSimulator.Build.0 = Debug|Any CPU
		{B403DB5E-05C1-4D8E-BF31-AEBBCB3C04D5}.Debug|x64.ActiveCfg = Debug|Any CPU
		{B403DB5E-05C1-4D8E-BF31-AEBBCB3C04D5}.Debug|x64.Build.0 = Debug|Any CPU
		{B403DB5E-05C1-4D8E-BF31-AEBBCB3C04D5}.Debug|x86.ActiveCfg = Debug|Any CPU
		{B403DB5E-05C1-4D8E-BF31-AEBBCB3C04D5}.Debug|x86.Build.0 = Debug|Any CPU
		{B403DB5E-05C1-4D8E-BF31-AEBBCB3C04D5}.Release|Any CPU.ActiveCfg = Release|Any CPU
		{B403DB5E-05C1-4D8E-BF31-AEBBCB3C04D5}.Release|Any CPU.Build.0 = Release|Any CPU
		{B403DB5E-05C1-4D8E-BF31-AEBBCB3C04D5}.Release|ARM.ActiveCfg = Release|Any CPU
		{B403DB5E-05C1-4D8E-BF31-AEBBCB3C04D5}.Release|ARM.Build.0 = Release|Any CPU
		{B403DB5E-05C1-4D8E-BF31-AEBBCB3C04D5}.Release|iPhone.ActiveCfg = Release|Any CPU
		{B403DB5E-05C1-4D8E-BF31-AEBBCB3C04D5}.Release|iPhone.Build.0 = Release|Any CPU
		{B403DB5E-05C1-4D8E-BF31-AEBBCB3C04D5}.Release|iPhoneSimulator.ActiveCfg = Release|Any CPU
		{B403DB5E-05C1-4D8E-BF31-AEBBCB3C04D5}.Release|iPhoneSimulator.Build.0 = Release|Any CPU
		{B403DB5E-05C1-4D8E-BF31-AEBBCB3C04D5}.Release|x64.ActiveCfg = Release|Any CPU
		{B403DB5E-05C1-4D8E-BF31-AEBBCB3C04D5}.Release|x64.Build.0 = Release|Any CPU
		{B403DB5E-05C1-4D8E-BF31-AEBBCB3C04D5}.Release|x86.ActiveCfg = Release|Any CPU
		{B403DB5E-05C1-4D8E-BF31-AEBBCB3C04D5}.Release|x86.Build.0 = Release|Any CPU
		{77EAC85D-CE6F-4996-9ADC-932A28053D01}.Debug|Any CPU.ActiveCfg = Debug|Any CPU
		{77EAC85D-CE6F-4996-9ADC-932A28053D01}.Debug|Any CPU.Build.0 = Debug|Any CPU
		{77EAC85D-CE6F-4996-9ADC-932A28053D01}.Debug|ARM.ActiveCfg = Debug|Any CPU
		{77EAC85D-CE6F-4996-9ADC-932A28053D01}.Debug|ARM.Build.0 = Debug|Any CPU
		{77EAC85D-CE6F-4996-9ADC-932A28053D01}.Debug|iPhone.ActiveCfg = Debug|Any CPU
		{77EAC85D-CE6F-4996-9ADC-932A28053D01}.Debug|iPhone.Build.0 = Debug|Any CPU
		{77EAC85D-CE6F-4996-9ADC-932A28053D01}.Debug|iPhoneSimulator.ActiveCfg = Debug|Any CPU
		{77EAC85D-CE6F-4996-9ADC-932A28053D01}.Debug|iPhoneSimulator.Build.0 = Debug|Any CPU
		{77EAC85D-CE6F-4996-9ADC-932A28053D01}.Debug|x64.ActiveCfg = Debug|Any CPU
		{77EAC85D-CE6F-4996-9ADC-932A28053D01}.Debug|x64.Build.0 = Debug|Any CPU
		{77EAC85D-CE6F-4996-9ADC-932A28053D01}.Debug|x86.ActiveCfg = Debug|Any CPU
		{77EAC85D-CE6F-4996-9ADC-932A28053D01}.Debug|x86.Build.0 = Debug|Any CPU
		{77EAC85D-CE6F-4996-9ADC-932A28053D01}.Release|Any CPU.ActiveCfg = Release|Any CPU
		{77EAC85D-CE6F-4996-9ADC-932A28053D01}.Release|Any CPU.Build.0 = Release|Any CPU
		{77EAC85D-CE6F-4996-9ADC-932A28053D01}.Release|ARM.ActiveCfg = Release|Any CPU
		{77EAC85D-CE6F-4996-9ADC-932A28053D01}.Release|ARM.Build.0 = Release|Any CPU
		{77EAC85D-CE6F-4996-9ADC-932A28053D01}.Release|iPhone.ActiveCfg = Release|Any CPU
		{77EAC85D-CE6F-4996-9ADC-932A28053D01}.Release|iPhone.Build.0 = Release|Any CPU
		{77EAC85D-CE6F-4996-9ADC-932A28053D01}.Release|iPhoneSimulator.ActiveCfg = Release|Any CPU
		{77EAC85D-CE6F-4996-9ADC-932A28053D01}.Release|iPhoneSimulator.Build.0 = Release|Any CPU
		{77EAC85D-CE6F-4996-9ADC-932A28053D01}.Release|x64.ActiveCfg = Release|Any CPU
		{77EAC85D-CE6F-4996-9ADC-932A28053D01}.Release|x64.Build.0 = Release|Any CPU
		{77EAC85D-CE6F-4996-9ADC-932A28053D01}.Release|x86.ActiveCfg = Release|Any CPU
		{77EAC85D-CE6F-4996-9ADC-932A28053D01}.Release|x86.Build.0 = Release|Any CPU
		{A2A29E24-DC5B-453D-8514-D3DDF79B284F}.Debug|Any CPU.ActiveCfg = Debug|Any CPU
		{A2A29E24-DC5B-453D-8514-D3DDF79B284F}.Debug|Any CPU.Build.0 = Debug|Any CPU
		{A2A29E24-DC5B-453D-8514-D3DDF79B284F}.Debug|ARM.ActiveCfg = Debug|Any CPU
		{A2A29E24-DC5B-453D-8514-D3DDF79B284F}.Debug|ARM.Build.0 = Debug|Any CPU
		{A2A29E24-DC5B-453D-8514-D3DDF79B284F}.Debug|iPhone.ActiveCfg = Debug|Any CPU
		{A2A29E24-DC5B-453D-8514-D3DDF79B284F}.Debug|iPhone.Build.0 = Debug|Any CPU
		{A2A29E24-DC5B-453D-8514-D3DDF79B284F}.Debug|iPhoneSimulator.ActiveCfg = Debug|Any CPU
		{A2A29E24-DC5B-453D-8514-D3DDF79B284F}.Debug|iPhoneSimulator.Build.0 = Debug|Any CPU
		{A2A29E24-DC5B-453D-8514-D3DDF79B284F}.Debug|x64.ActiveCfg = Debug|Any CPU
		{A2A29E24-DC5B-453D-8514-D3DDF79B284F}.Debug|x64.Build.0 = Debug|Any CPU
		{A2A29E24-DC5B-453D-8514-D3DDF79B284F}.Debug|x86.ActiveCfg = Debug|Any CPU
		{A2A29E24-DC5B-453D-8514-D3DDF79B284F}.Debug|x86.Build.0 = Debug|Any CPU
		{A2A29E24-DC5B-453D-8514-D3DDF79B284F}.Release|Any CPU.ActiveCfg = Release|Any CPU
		{A2A29E24-DC5B-453D-8514-D3DDF79B284F}.Release|Any CPU.Build.0 = Release|Any CPU
		{A2A29E24-DC5B-453D-8514-D3DDF79B284F}.Release|ARM.ActiveCfg = Release|Any CPU
		{A2A29E24-DC5B-453D-8514-D3DDF79B284F}.Release|ARM.Build.0 = Release|Any CPU
		{A2A29E24-DC5B-453D-8514-D3DDF79B284F}.Release|iPhone.ActiveCfg = Release|Any CPU
		{A2A29E24-DC5B-453D-8514-D3DDF79B284F}.Release|iPhone.Build.0 = Release|Any CPU
		{A2A29E24-DC5B-453D-8514-D3DDF79B284F}.Release|iPhoneSimulator.ActiveCfg = Release|Any CPU
		{A2A29E24-DC5B-453D-8514-D3DDF79B284F}.Release|iPhoneSimulator.Build.0 = Release|Any CPU
		{A2A29E24-DC5B-453D-8514-D3DDF79B284F}.Release|x64.ActiveCfg = Release|Any CPU
		{A2A29E24-DC5B-453D-8514-D3DDF79B284F}.Release|x64.Build.0 = Release|Any CPU
		{A2A29E24-DC5B-453D-8514-D3DDF79B284F}.Release|x86.ActiveCfg = Release|Any CPU
		{A2A29E24-DC5B-453D-8514-D3DDF79B284F}.Release|x86.Build.0 = Release|Any CPU
		{36EC8F58-0207-4E6D-B574-C2CD24DE023C}.Debug|Any CPU.ActiveCfg = Debug|Any CPU
		{36EC8F58-0207-4E6D-B574-C2CD24DE023C}.Debug|Any CPU.Build.0 = Debug|Any CPU
		{36EC8F58-0207-4E6D-B574-C2CD24DE023C}.Debug|ARM.ActiveCfg = Debug|Any CPU
		{36EC8F58-0207-4E6D-B574-C2CD24DE023C}.Debug|ARM.Build.0 = Debug|Any CPU
		{36EC8F58-0207-4E6D-B574-C2CD24DE023C}.Debug|iPhone.ActiveCfg = Debug|Any CPU
		{36EC8F58-0207-4E6D-B574-C2CD24DE023C}.Debug|iPhone.Build.0 = Debug|Any CPU
		{36EC8F58-0207-4E6D-B574-C2CD24DE023C}.Debug|iPhoneSimulator.ActiveCfg = Debug|Any CPU
		{36EC8F58-0207-4E6D-B574-C2CD24DE023C}.Debug|iPhoneSimulator.Build.0 = Debug|Any CPU
		{36EC8F58-0207-4E6D-B574-C2CD24DE023C}.Debug|x64.ActiveCfg = Debug|Any CPU
		{36EC8F58-0207-4E6D-B574-C2CD24DE023C}.Debug|x64.Build.0 = Debug|Any CPU
		{36EC8F58-0207-4E6D-B574-C2CD24DE023C}.Debug|x86.ActiveCfg = Debug|Any CPU
		{36EC8F58-0207-4E6D-B574-C2CD24DE023C}.Debug|x86.Build.0 = Debug|Any CPU
		{36EC8F58-0207-4E6D-B574-C2CD24DE023C}.Release|Any CPU.ActiveCfg = Release|Any CPU
		{36EC8F58-0207-4E6D-B574-C2CD24DE023C}.Release|Any CPU.Build.0 = Release|Any CPU
		{36EC8F58-0207-4E6D-B574-C2CD24DE023C}.Release|ARM.ActiveCfg = Release|Any CPU
		{36EC8F58-0207-4E6D-B574-C2CD24DE023C}.Release|ARM.Build.0 = Release|Any CPU
		{36EC8F58-0207-4E6D-B574-C2CD24DE023C}.Release|iPhone.ActiveCfg = Release|Any CPU
		{36EC8F58-0207-4E6D-B574-C2CD24DE023C}.Release|iPhone.Build.0 = Release|Any CPU
		{36EC8F58-0207-4E6D-B574-C2CD24DE023C}.Release|iPhoneSimulator.ActiveCfg = Release|Any CPU
		{36EC8F58-0207-4E6D-B574-C2CD24DE023C}.Release|iPhoneSimulator.Build.0 = Release|Any CPU
		{36EC8F58-0207-4E6D-B574-C2CD24DE023C}.Release|x64.ActiveCfg = Release|Any CPU
		{36EC8F58-0207-4E6D-B574-C2CD24DE023C}.Release|x64.Build.0 = Release|Any CPU
		{36EC8F58-0207-4E6D-B574-C2CD24DE023C}.Release|x86.ActiveCfg = Release|Any CPU
		{36EC8F58-0207-4E6D-B574-C2CD24DE023C}.Release|x86.Build.0 = Release|Any CPU
		{3D15ED2D-92CD-46C4-9321-D32263809143}.Debug|Any CPU.ActiveCfg = Debug|Any CPU
		{3D15ED2D-92CD-46C4-9321-D32263809143}.Debug|Any CPU.Build.0 = Debug|Any CPU
		{3D15ED2D-92CD-46C4-9321-D32263809143}.Debug|ARM.ActiveCfg = Debug|Any CPU
		{3D15ED2D-92CD-46C4-9321-D32263809143}.Debug|ARM.Build.0 = Debug|Any CPU
		{3D15ED2D-92CD-46C4-9321-D32263809143}.Debug|iPhone.ActiveCfg = Debug|Any CPU
		{3D15ED2D-92CD-46C4-9321-D32263809143}.Debug|iPhone.Build.0 = Debug|Any CPU
		{3D15ED2D-92CD-46C4-9321-D32263809143}.Debug|iPhoneSimulator.ActiveCfg = Debug|Any CPU
		{3D15ED2D-92CD-46C4-9321-D32263809143}.Debug|iPhoneSimulator.Build.0 = Debug|Any CPU
		{3D15ED2D-92CD-46C4-9321-D32263809143}.Debug|x64.ActiveCfg = Debug|Any CPU
		{3D15ED2D-92CD-46C4-9321-D32263809143}.Debug|x64.Build.0 = Debug|Any CPU
		{3D15ED2D-92CD-46C4-9321-D32263809143}.Debug|x86.ActiveCfg = Debug|Any CPU
		{3D15ED2D-92CD-46C4-9321-D32263809143}.Debug|x86.Build.0 = Debug|Any CPU
		{3D15ED2D-92CD-46C4-9321-D32263809143}.Release|Any CPU.ActiveCfg = Release|Any CPU
		{3D15ED2D-92CD-46C4-9321-D32263809143}.Release|Any CPU.Build.0 = Release|Any CPU
		{3D15ED2D-92CD-46C4-9321-D32263809143}.Release|ARM.ActiveCfg = Release|Any CPU
		{3D15ED2D-92CD-46C4-9321-D32263809143}.Release|ARM.Build.0 = Release|Any CPU
		{3D15ED2D-92CD-46C4-9321-D32263809143}.Release|iPhone.ActiveCfg = Release|Any CPU
		{3D15ED2D-92CD-46C4-9321-D32263809143}.Release|iPhone.Build.0 = Release|Any CPU
		{3D15ED2D-92CD-46C4-9321-D32263809143}.Release|iPhoneSimulator.ActiveCfg = Release|Any CPU
		{3D15ED2D-92CD-46C4-9321-D32263809143}.Release|iPhoneSimulator.Build.0 = Release|Any CPU
		{3D15ED2D-92CD-46C4-9321-D32263809143}.Release|x64.ActiveCfg = Release|Any CPU
		{3D15ED2D-92CD-46C4-9321-D32263809143}.Release|x64.Build.0 = Release|Any CPU
		{3D15ED2D-92CD-46C4-9321-D32263809143}.Release|x86.ActiveCfg = Release|Any CPU
		{3D15ED2D-92CD-46C4-9321-D32263809143}.Release|x86.Build.0 = Release|Any CPU
		{01CDAB83-768A-4595-B1BC-94F1A5537A6D}.Debug|Any CPU.ActiveCfg = Debug|Any CPU
		{01CDAB83-768A-4595-B1BC-94F1A5537A6D}.Debug|Any CPU.Build.0 = Debug|Any CPU
		{01CDAB83-768A-4595-B1BC-94F1A5537A6D}.Debug|ARM.ActiveCfg = Debug|Any CPU
		{01CDAB83-768A-4595-B1BC-94F1A5537A6D}.Debug|ARM.Build.0 = Debug|Any CPU
		{01CDAB83-768A-4595-B1BC-94F1A5537A6D}.Debug|iPhone.ActiveCfg = Debug|Any CPU
		{01CDAB83-768A-4595-B1BC-94F1A5537A6D}.Debug|iPhone.Build.0 = Debug|Any CPU
		{01CDAB83-768A-4595-B1BC-94F1A5537A6D}.Debug|iPhoneSimulator.ActiveCfg = Debug|Any CPU
		{01CDAB83-768A-4595-B1BC-94F1A5537A6D}.Debug|iPhoneSimulator.Build.0 = Debug|Any CPU
		{01CDAB83-768A-4595-B1BC-94F1A5537A6D}.Debug|x64.ActiveCfg = Debug|Any CPU
		{01CDAB83-768A-4595-B1BC-94F1A5537A6D}.Debug|x64.Build.0 = Debug|Any CPU
		{01CDAB83-768A-4595-B1BC-94F1A5537A6D}.Debug|x86.ActiveCfg = Debug|Any CPU
		{01CDAB83-768A-4595-B1BC-94F1A5537A6D}.Debug|x86.Build.0 = Debug|Any CPU
		{01CDAB83-768A-4595-B1BC-94F1A5537A6D}.Release|Any CPU.ActiveCfg = Release|Any CPU
		{01CDAB83-768A-4595-B1BC-94F1A5537A6D}.Release|Any CPU.Build.0 = Release|Any CPU
		{01CDAB83-768A-4595-B1BC-94F1A5537A6D}.Release|ARM.ActiveCfg = Release|Any CPU
		{01CDAB83-768A-4595-B1BC-94F1A5537A6D}.Release|ARM.Build.0 = Release|Any CPU
		{01CDAB83-768A-4595-B1BC-94F1A5537A6D}.Release|iPhone.ActiveCfg = Release|Any CPU
		{01CDAB83-768A-4595-B1BC-94F1A5537A6D}.Release|iPhone.Build.0 = Release|Any CPU
		{01CDAB83-768A-4595-B1BC-94F1A5537A6D}.Release|iPhoneSimulator.ActiveCfg = Release|Any CPU
		{01CDAB83-768A-4595-B1BC-94F1A5537A6D}.Release|iPhoneSimulator.Build.0 = Release|Any CPU
		{01CDAB83-768A-4595-B1BC-94F1A5537A6D}.Release|x64.ActiveCfg = Release|Any CPU
		{01CDAB83-768A-4595-B1BC-94F1A5537A6D}.Release|x64.Build.0 = Release|Any CPU
		{01CDAB83-768A-4595-B1BC-94F1A5537A6D}.Release|x86.ActiveCfg = Release|Any CPU
		{01CDAB83-768A-4595-B1BC-94F1A5537A6D}.Release|x86.Build.0 = Release|Any CPU
		{8A8ABB83-CE27-4D3A-9DD4-28CFCDAB4F3B}.Debug|Any CPU.ActiveCfg = Debug|Any CPU
		{8A8ABB83-CE27-4D3A-9DD4-28CFCDAB4F3B}.Debug|Any CPU.Build.0 = Debug|Any CPU
		{8A8ABB83-CE27-4D3A-9DD4-28CFCDAB4F3B}.Debug|ARM.ActiveCfg = Debug|Any CPU
		{8A8ABB83-CE27-4D3A-9DD4-28CFCDAB4F3B}.Debug|ARM.Build.0 = Debug|Any CPU
		{8A8ABB83-CE27-4D3A-9DD4-28CFCDAB4F3B}.Debug|iPhone.ActiveCfg = Debug|Any CPU
		{8A8ABB83-CE27-4D3A-9DD4-28CFCDAB4F3B}.Debug|iPhone.Build.0 = Debug|Any CPU
		{8A8ABB83-CE27-4D3A-9DD4-28CFCDAB4F3B}.Debug|iPhoneSimulator.ActiveCfg = Debug|Any CPU
		{8A8ABB83-CE27-4D3A-9DD4-28CFCDAB4F3B}.Debug|iPhoneSimulator.Build.0 = Debug|Any CPU
		{8A8ABB83-CE27-4D3A-9DD4-28CFCDAB4F3B}.Debug|x64.ActiveCfg = Debug|Any CPU
		{8A8ABB83-CE27-4D3A-9DD4-28CFCDAB4F3B}.Debug|x64.Build.0 = Debug|Any CPU
		{8A8ABB83-CE27-4D3A-9DD4-28CFCDAB4F3B}.Debug|x86.ActiveCfg = Debug|Any CPU
		{8A8ABB83-CE27-4D3A-9DD4-28CFCDAB4F3B}.Debug|x86.Build.0 = Debug|Any CPU
		{8A8ABB83-CE27-4D3A-9DD4-28CFCDAB4F3B}.Release|Any CPU.ActiveCfg = Release|Any CPU
		{8A8ABB83-CE27-4D3A-9DD4-28CFCDAB4F3B}.Release|Any CPU.Build.0 = Release|Any CPU
		{8A8ABB83-CE27-4D3A-9DD4-28CFCDAB4F3B}.Release|ARM.ActiveCfg = Release|Any CPU
		{8A8ABB83-CE27-4D3A-9DD4-28CFCDAB4F3B}.Release|ARM.Build.0 = Release|Any CPU
		{8A8ABB83-CE27-4D3A-9DD4-28CFCDAB4F3B}.Release|iPhone.ActiveCfg = Release|Any CPU
		{8A8ABB83-CE27-4D3A-9DD4-28CFCDAB4F3B}.Release|iPhone.Build.0 = Release|Any CPU
		{8A8ABB83-CE27-4D3A-9DD4-28CFCDAB4F3B}.Release|iPhoneSimulator.ActiveCfg = Release|Any CPU
		{8A8ABB83-CE27-4D3A-9DD4-28CFCDAB4F3B}.Release|iPhoneSimulator.Build.0 = Release|Any CPU
		{8A8ABB83-CE27-4D3A-9DD4-28CFCDAB4F3B}.Release|x64.ActiveCfg = Release|Any CPU
		{8A8ABB83-CE27-4D3A-9DD4-28CFCDAB4F3B}.Release|x64.Build.0 = Release|Any CPU
		{8A8ABB83-CE27-4D3A-9DD4-28CFCDAB4F3B}.Release|x86.ActiveCfg = Release|Any CPU
		{8A8ABB83-CE27-4D3A-9DD4-28CFCDAB4F3B}.Release|x86.Build.0 = Release|Any CPU
		{3CF089DC-942E-49CF-8A08-0C742B74CAA7}.Debug|Any CPU.ActiveCfg = Debug|Any CPU
		{3CF089DC-942E-49CF-8A08-0C742B74CAA7}.Debug|Any CPU.Build.0 = Debug|Any CPU
		{3CF089DC-942E-49CF-8A08-0C742B74CAA7}.Debug|ARM.ActiveCfg = Debug|Any CPU
		{3CF089DC-942E-49CF-8A08-0C742B74CAA7}.Debug|ARM.Build.0 = Debug|Any CPU
		{3CF089DC-942E-49CF-8A08-0C742B74CAA7}.Debug|iPhone.ActiveCfg = Debug|Any CPU
		{3CF089DC-942E-49CF-8A08-0C742B74CAA7}.Debug|iPhone.Build.0 = Debug|Any CPU
		{3CF089DC-942E-49CF-8A08-0C742B74CAA7}.Debug|iPhoneSimulator.ActiveCfg = Debug|Any CPU
		{3CF089DC-942E-49CF-8A08-0C742B74CAA7}.Debug|iPhoneSimulator.Build.0 = Debug|Any CPU
		{3CF089DC-942E-49CF-8A08-0C742B74CAA7}.Debug|x64.ActiveCfg = Debug|Any CPU
		{3CF089DC-942E-49CF-8A08-0C742B74CAA7}.Debug|x64.Build.0 = Debug|Any CPU
		{3CF089DC-942E-49CF-8A08-0C742B74CAA7}.Debug|x86.ActiveCfg = Debug|Any CPU
		{3CF089DC-942E-49CF-8A08-0C742B74CAA7}.Debug|x86.Build.0 = Debug|Any CPU
		{3CF089DC-942E-49CF-8A08-0C742B74CAA7}.Release|Any CPU.ActiveCfg = Release|Any CPU
		{3CF089DC-942E-49CF-8A08-0C742B74CAA7}.Release|Any CPU.Build.0 = Release|Any CPU
		{3CF089DC-942E-49CF-8A08-0C742B74CAA7}.Release|ARM.ActiveCfg = Release|Any CPU
		{3CF089DC-942E-49CF-8A08-0C742B74CAA7}.Release|ARM.Build.0 = Release|Any CPU
		{3CF089DC-942E-49CF-8A08-0C742B74CAA7}.Release|iPhone.ActiveCfg = Release|Any CPU
		{3CF089DC-942E-49CF-8A08-0C742B74CAA7}.Release|iPhone.Build.0 = Release|Any CPU
		{3CF089DC-942E-49CF-8A08-0C742B74CAA7}.Release|iPhoneSimulator.ActiveCfg = Release|Any CPU
		{3CF089DC-942E-49CF-8A08-0C742B74CAA7}.Release|iPhoneSimulator.Build.0 = Release|Any CPU
		{3CF089DC-942E-49CF-8A08-0C742B74CAA7}.Release|x64.ActiveCfg = Release|Any CPU
		{3CF089DC-942E-49CF-8A08-0C742B74CAA7}.Release|x64.Build.0 = Release|Any CPU
		{3CF089DC-942E-49CF-8A08-0C742B74CAA7}.Release|x86.ActiveCfg = Release|Any CPU
		{3CF089DC-942E-49CF-8A08-0C742B74CAA7}.Release|x86.Build.0 = Release|Any CPU
		{61711E87-3DBB-42B2-BF55-A81D7C816A30}.Debug|Any CPU.ActiveCfg = Debug|Any CPU
		{61711E87-3DBB-42B2-BF55-A81D7C816A30}.Debug|Any CPU.Build.0 = Debug|Any CPU
		{61711E87-3DBB-42B2-BF55-A81D7C816A30}.Debug|ARM.ActiveCfg = Debug|Any CPU
		{61711E87-3DBB-42B2-BF55-A81D7C816A30}.Debug|ARM.Build.0 = Debug|Any CPU
		{61711E87-3DBB-42B2-BF55-A81D7C816A30}.Debug|iPhone.ActiveCfg = Debug|Any CPU
		{61711E87-3DBB-42B2-BF55-A81D7C816A30}.Debug|iPhone.Build.0 = Debug|Any CPU
		{61711E87-3DBB-42B2-BF55-A81D7C816A30}.Debug|iPhoneSimulator.ActiveCfg = Debug|Any CPU
		{61711E87-3DBB-42B2-BF55-A81D7C816A30}.Debug|iPhoneSimulator.Build.0 = Debug|Any CPU
		{61711E87-3DBB-42B2-BF55-A81D7C816A30}.Debug|x64.ActiveCfg = Debug|Any CPU
		{61711E87-3DBB-42B2-BF55-A81D7C816A30}.Debug|x64.Build.0 = Debug|Any CPU
		{61711E87-3DBB-42B2-BF55-A81D7C816A30}.Debug|x86.ActiveCfg = Debug|Any CPU
		{61711E87-3DBB-42B2-BF55-A81D7C816A30}.Debug|x86.Build.0 = Debug|Any CPU
		{61711E87-3DBB-42B2-BF55-A81D7C816A30}.Release|Any CPU.ActiveCfg = Release|Any CPU
		{61711E87-3DBB-42B2-BF55-A81D7C816A30}.Release|Any CPU.Build.0 = Release|Any CPU
		{61711E87-3DBB-42B2-BF55-A81D7C816A30}.Release|ARM.ActiveCfg = Release|Any CPU
		{61711E87-3DBB-42B2-BF55-A81D7C816A30}.Release|ARM.Build.0 = Release|Any CPU
		{61711E87-3DBB-42B2-BF55-A81D7C816A30}.Release|iPhone.ActiveCfg = Release|Any CPU
		{61711E87-3DBB-42B2-BF55-A81D7C816A30}.Release|iPhone.Build.0 = Release|Any CPU
		{61711E87-3DBB-42B2-BF55-A81D7C816A30}.Release|iPhoneSimulator.ActiveCfg = Release|Any CPU
		{61711E87-3DBB-42B2-BF55-A81D7C816A30}.Release|iPhoneSimulator.Build.0 = Release|Any CPU
		{61711E87-3DBB-42B2-BF55-A81D7C816A30}.Release|x64.ActiveCfg = Release|Any CPU
		{61711E87-3DBB-42B2-BF55-A81D7C816A30}.Release|x64.Build.0 = Release|Any CPU
		{61711E87-3DBB-42B2-BF55-A81D7C816A30}.Release|x86.ActiveCfg = Release|Any CPU
		{61711E87-3DBB-42B2-BF55-A81D7C816A30}.Release|x86.Build.0 = Release|Any CPU
		{9E236FCE-FB0A-4A79-AE5E-461F94292DC6}.Debug|Any CPU.ActiveCfg = Debug|Any CPU
		{9E236FCE-FB0A-4A79-AE5E-461F94292DC6}.Debug|Any CPU.Build.0 = Debug|Any CPU
		{9E236FCE-FB0A-4A79-AE5E-461F94292DC6}.Debug|ARM.ActiveCfg = Debug|Any CPU
		{9E236FCE-FB0A-4A79-AE5E-461F94292DC6}.Debug|ARM.Build.0 = Debug|Any CPU
		{9E236FCE-FB0A-4A79-AE5E-461F94292DC6}.Debug|iPhone.ActiveCfg = Debug|Any CPU
		{9E236FCE-FB0A-4A79-AE5E-461F94292DC6}.Debug|iPhone.Build.0 = Debug|Any CPU
		{9E236FCE-FB0A-4A79-AE5E-461F94292DC6}.Debug|iPhoneSimulator.ActiveCfg = Debug|Any CPU
		{9E236FCE-FB0A-4A79-AE5E-461F94292DC6}.Debug|iPhoneSimulator.Build.0 = Debug|Any CPU
		{9E236FCE-FB0A-4A79-AE5E-461F94292DC6}.Debug|x64.ActiveCfg = Debug|Any CPU
		{9E236FCE-FB0A-4A79-AE5E-461F94292DC6}.Debug|x64.Build.0 = Debug|Any CPU
		{9E236FCE-FB0A-4A79-AE5E-461F94292DC6}.Debug|x86.ActiveCfg = Debug|Any CPU
		{9E236FCE-FB0A-4A79-AE5E-461F94292DC6}.Debug|x86.Build.0 = Debug|Any CPU
		{9E236FCE-FB0A-4A79-AE5E-461F94292DC6}.Release|Any CPU.ActiveCfg = Release|Any CPU
		{9E236FCE-FB0A-4A79-AE5E-461F94292DC6}.Release|Any CPU.Build.0 = Release|Any CPU
		{9E236FCE-FB0A-4A79-AE5E-461F94292DC6}.Release|ARM.ActiveCfg = Release|Any CPU
		{9E236FCE-FB0A-4A79-AE5E-461F94292DC6}.Release|ARM.Build.0 = Release|Any CPU
		{9E236FCE-FB0A-4A79-AE5E-461F94292DC6}.Release|iPhone.ActiveCfg = Release|Any CPU
		{9E236FCE-FB0A-4A79-AE5E-461F94292DC6}.Release|iPhone.Build.0 = Release|Any CPU
		{9E236FCE-FB0A-4A79-AE5E-461F94292DC6}.Release|iPhoneSimulator.ActiveCfg = Release|Any CPU
		{9E236FCE-FB0A-4A79-AE5E-461F94292DC6}.Release|iPhoneSimulator.Build.0 = Release|Any CPU
		{9E236FCE-FB0A-4A79-AE5E-461F94292DC6}.Release|x64.ActiveCfg = Release|Any CPU
		{9E236FCE-FB0A-4A79-AE5E-461F94292DC6}.Release|x64.Build.0 = Release|Any CPU
		{9E236FCE-FB0A-4A79-AE5E-461F94292DC6}.Release|x86.ActiveCfg = Release|Any CPU
		{9E236FCE-FB0A-4A79-AE5E-461F94292DC6}.Release|x86.Build.0 = Release|Any CPU
		{F833AF9A-A0B4-40D4-BBC0-4DB9019D5D90}.Debug|Any CPU.ActiveCfg = Debug|Any CPU
		{F833AF9A-A0B4-40D4-BBC0-4DB9019D5D90}.Debug|Any CPU.Build.0 = Debug|Any CPU
		{F833AF9A-A0B4-40D4-BBC0-4DB9019D5D90}.Debug|ARM.ActiveCfg = Debug|Any CPU
		{F833AF9A-A0B4-40D4-BBC0-4DB9019D5D90}.Debug|ARM.Build.0 = Debug|Any CPU
		{F833AF9A-A0B4-40D4-BBC0-4DB9019D5D90}.Debug|iPhone.ActiveCfg = Debug|Any CPU
		{F833AF9A-A0B4-40D4-BBC0-4DB9019D5D90}.Debug|iPhone.Build.0 = Debug|Any CPU
		{F833AF9A-A0B4-40D4-BBC0-4DB9019D5D90}.Debug|iPhoneSimulator.ActiveCfg = Debug|Any CPU
		{F833AF9A-A0B4-40D4-BBC0-4DB9019D5D90}.Debug|iPhoneSimulator.Build.0 = Debug|Any CPU
		{F833AF9A-A0B4-40D4-BBC0-4DB9019D5D90}.Debug|x64.ActiveCfg = Debug|Any CPU
		{F833AF9A-A0B4-40D4-BBC0-4DB9019D5D90}.Debug|x64.Build.0 = Debug|Any CPU
		{F833AF9A-A0B4-40D4-BBC0-4DB9019D5D90}.Debug|x86.ActiveCfg = Debug|Any CPU
		{F833AF9A-A0B4-40D4-BBC0-4DB9019D5D90}.Debug|x86.Build.0 = Debug|Any CPU
		{F833AF9A-A0B4-40D4-BBC0-4DB9019D5D90}.Release|Any CPU.ActiveCfg = Release|Any CPU
		{F833AF9A-A0B4-40D4-BBC0-4DB9019D5D90}.Release|Any CPU.Build.0 = Release|Any CPU
		{F833AF9A-A0B4-40D4-BBC0-4DB9019D5D90}.Release|ARM.ActiveCfg = Release|Any CPU
		{F833AF9A-A0B4-40D4-BBC0-4DB9019D5D90}.Release|ARM.Build.0 = Release|Any CPU
		{F833AF9A-A0B4-40D4-BBC0-4DB9019D5D90}.Release|iPhone.ActiveCfg = Release|Any CPU
		{F833AF9A-A0B4-40D4-BBC0-4DB9019D5D90}.Release|iPhone.Build.0 = Release|Any CPU
		{F833AF9A-A0B4-40D4-BBC0-4DB9019D5D90}.Release|iPhoneSimulator.ActiveCfg = Release|Any CPU
		{F833AF9A-A0B4-40D4-BBC0-4DB9019D5D90}.Release|iPhoneSimulator.Build.0 = Release|Any CPU
		{F833AF9A-A0B4-40D4-BBC0-4DB9019D5D90}.Release|x64.ActiveCfg = Release|Any CPU
		{F833AF9A-A0B4-40D4-BBC0-4DB9019D5D90}.Release|x64.Build.0 = Release|Any CPU
		{F833AF9A-A0B4-40D4-BBC0-4DB9019D5D90}.Release|x86.ActiveCfg = Release|Any CPU
		{F833AF9A-A0B4-40D4-BBC0-4DB9019D5D90}.Release|x86.Build.0 = Release|Any CPU
		{177B6410-E972-4FD3-B2ED-A38EB079DBB3}.Debug|Any CPU.ActiveCfg = Debug|Any CPU
		{177B6410-E972-4FD3-B2ED-A38EB079DBB3}.Debug|Any CPU.Build.0 = Debug|Any CPU
		{177B6410-E972-4FD3-B2ED-A38EB079DBB3}.Debug|ARM.ActiveCfg = Debug|Any CPU
		{177B6410-E972-4FD3-B2ED-A38EB079DBB3}.Debug|ARM.Build.0 = Debug|Any CPU
		{177B6410-E972-4FD3-B2ED-A38EB079DBB3}.Debug|iPhone.ActiveCfg = Debug|Any CPU
		{177B6410-E972-4FD3-B2ED-A38EB079DBB3}.Debug|iPhone.Build.0 = Debug|Any CPU
		{177B6410-E972-4FD3-B2ED-A38EB079DBB3}.Debug|iPhoneSimulator.ActiveCfg = Debug|Any CPU
		{177B6410-E972-4FD3-B2ED-A38EB079DBB3}.Debug|iPhoneSimulator.Build.0 = Debug|Any CPU
		{177B6410-E972-4FD3-B2ED-A38EB079DBB3}.Debug|x64.ActiveCfg = Debug|Any CPU
		{177B6410-E972-4FD3-B2ED-A38EB079DBB3}.Debug|x64.Build.0 = Debug|Any CPU
		{177B6410-E972-4FD3-B2ED-A38EB079DBB3}.Debug|x86.ActiveCfg = Debug|Any CPU
		{177B6410-E972-4FD3-B2ED-A38EB079DBB3}.Debug|x86.Build.0 = Debug|Any CPU
		{177B6410-E972-4FD3-B2ED-A38EB079DBB3}.Release|Any CPU.ActiveCfg = Release|Any CPU
		{177B6410-E972-4FD3-B2ED-A38EB079DBB3}.Release|Any CPU.Build.0 = Release|Any CPU
		{177B6410-E972-4FD3-B2ED-A38EB079DBB3}.Release|ARM.ActiveCfg = Release|Any CPU
		{177B6410-E972-4FD3-B2ED-A38EB079DBB3}.Release|ARM.Build.0 = Release|Any CPU
		{177B6410-E972-4FD3-B2ED-A38EB079DBB3}.Release|iPhone.ActiveCfg = Release|Any CPU
		{177B6410-E972-4FD3-B2ED-A38EB079DBB3}.Release|iPhone.Build.0 = Release|Any CPU
		{177B6410-E972-4FD3-B2ED-A38EB079DBB3}.Release|iPhoneSimulator.ActiveCfg = Release|Any CPU
		{177B6410-E972-4FD3-B2ED-A38EB079DBB3}.Release|iPhoneSimulator.Build.0 = Release|Any CPU
		{177B6410-E972-4FD3-B2ED-A38EB079DBB3}.Release|x64.ActiveCfg = Release|Any CPU
		{177B6410-E972-4FD3-B2ED-A38EB079DBB3}.Release|x64.Build.0 = Release|Any CPU
		{177B6410-E972-4FD3-B2ED-A38EB079DBB3}.Release|x86.ActiveCfg = Release|Any CPU
		{177B6410-E972-4FD3-B2ED-A38EB079DBB3}.Release|x86.Build.0 = Release|Any CPU
		{AC9F548D-A656-4C89-8752-90C22960E5FA}.Debug|Any CPU.ActiveCfg = Debug|Any CPU
		{AC9F548D-A656-4C89-8752-90C22960E5FA}.Debug|Any CPU.Build.0 = Debug|Any CPU
		{AC9F548D-A656-4C89-8752-90C22960E5FA}.Debug|ARM.ActiveCfg = Debug|Any CPU
		{AC9F548D-A656-4C89-8752-90C22960E5FA}.Debug|ARM.Build.0 = Debug|Any CPU
		{AC9F548D-A656-4C89-8752-90C22960E5FA}.Debug|iPhone.ActiveCfg = Debug|Any CPU
		{AC9F548D-A656-4C89-8752-90C22960E5FA}.Debug|iPhone.Build.0 = Debug|Any CPU
		{AC9F548D-A656-4C89-8752-90C22960E5FA}.Debug|iPhoneSimulator.ActiveCfg = Debug|Any CPU
		{AC9F548D-A656-4C89-8752-90C22960E5FA}.Debug|iPhoneSimulator.Build.0 = Debug|Any CPU
		{AC9F548D-A656-4C89-8752-90C22960E5FA}.Debug|x64.ActiveCfg = Debug|Any CPU
		{AC9F548D-A656-4C89-8752-90C22960E5FA}.Debug|x64.Build.0 = Debug|Any CPU
		{AC9F548D-A656-4C89-8752-90C22960E5FA}.Debug|x86.ActiveCfg = Debug|Any CPU
		{AC9F548D-A656-4C89-8752-90C22960E5FA}.Debug|x86.Build.0 = Debug|Any CPU
		{AC9F548D-A656-4C89-8752-90C22960E5FA}.Release|Any CPU.ActiveCfg = Release|Any CPU
		{AC9F548D-A656-4C89-8752-90C22960E5FA}.Release|Any CPU.Build.0 = Release|Any CPU
		{AC9F548D-A656-4C89-8752-90C22960E5FA}.Release|ARM.ActiveCfg = Release|Any CPU
		{AC9F548D-A656-4C89-8752-90C22960E5FA}.Release|ARM.Build.0 = Release|Any CPU
		{AC9F548D-A656-4C89-8752-90C22960E5FA}.Release|iPhone.ActiveCfg = Release|Any CPU
		{AC9F548D-A656-4C89-8752-90C22960E5FA}.Release|iPhone.Build.0 = Release|Any CPU
		{AC9F548D-A656-4C89-8752-90C22960E5FA}.Release|iPhoneSimulator.ActiveCfg = Release|Any CPU
		{AC9F548D-A656-4C89-8752-90C22960E5FA}.Release|iPhoneSimulator.Build.0 = Release|Any CPU
		{AC9F548D-A656-4C89-8752-90C22960E5FA}.Release|x64.ActiveCfg = Release|Any CPU
		{AC9F548D-A656-4C89-8752-90C22960E5FA}.Release|x64.Build.0 = Release|Any CPU
		{AC9F548D-A656-4C89-8752-90C22960E5FA}.Release|x86.ActiveCfg = Release|Any CPU
		{AC9F548D-A656-4C89-8752-90C22960E5FA}.Release|x86.Build.0 = Release|Any CPU
		{D4978EBD-B128-4B45-B60E-D91EAC21873A}.Debug|Any CPU.ActiveCfg = Debug|Any CPU
		{D4978EBD-B128-4B45-B60E-D91EAC21873A}.Debug|Any CPU.Build.0 = Debug|Any CPU
		{D4978EBD-B128-4B45-B60E-D91EAC21873A}.Debug|ARM.ActiveCfg = Debug|Any CPU
		{D4978EBD-B128-4B45-B60E-D91EAC21873A}.Debug|ARM.Build.0 = Debug|Any CPU
		{D4978EBD-B128-4B45-B60E-D91EAC21873A}.Debug|iPhone.ActiveCfg = Debug|Any CPU
		{D4978EBD-B128-4B45-B60E-D91EAC21873A}.Debug|iPhone.Build.0 = Debug|Any CPU
		{D4978EBD-B128-4B45-B60E-D91EAC21873A}.Debug|iPhoneSimulator.ActiveCfg = Debug|Any CPU
		{D4978EBD-B128-4B45-B60E-D91EAC21873A}.Debug|iPhoneSimulator.Build.0 = Debug|Any CPU
		{D4978EBD-B128-4B45-B60E-D91EAC21873A}.Debug|x64.ActiveCfg = Debug|Any CPU
		{D4978EBD-B128-4B45-B60E-D91EAC21873A}.Debug|x64.Build.0 = Debug|Any CPU
		{D4978EBD-B128-4B45-B60E-D91EAC21873A}.Debug|x86.ActiveCfg = Debug|Any CPU
		{D4978EBD-B128-4B45-B60E-D91EAC21873A}.Debug|x86.Build.0 = Debug|Any CPU
		{D4978EBD-B128-4B45-B60E-D91EAC21873A}.Release|Any CPU.ActiveCfg = Release|Any CPU
		{D4978EBD-B128-4B45-B60E-D91EAC21873A}.Release|Any CPU.Build.0 = Release|Any CPU
		{D4978EBD-B128-4B45-B60E-D91EAC21873A}.Release|ARM.ActiveCfg = Release|Any CPU
		{D4978EBD-B128-4B45-B60E-D91EAC21873A}.Release|ARM.Build.0 = Release|Any CPU
		{D4978EBD-B128-4B45-B60E-D91EAC21873A}.Release|iPhone.ActiveCfg = Release|Any CPU
		{D4978EBD-B128-4B45-B60E-D91EAC21873A}.Release|iPhone.Build.0 = Release|Any CPU
		{D4978EBD-B128-4B45-B60E-D91EAC21873A}.Release|iPhoneSimulator.ActiveCfg = Release|Any CPU
		{D4978EBD-B128-4B45-B60E-D91EAC21873A}.Release|iPhoneSimulator.Build.0 = Release|Any CPU
		{D4978EBD-B128-4B45-B60E-D91EAC21873A}.Release|x64.ActiveCfg = Release|Any CPU
		{D4978EBD-B128-4B45-B60E-D91EAC21873A}.Release|x64.Build.0 = Release|Any CPU
		{D4978EBD-B128-4B45-B60E-D91EAC21873A}.Release|x86.ActiveCfg = Release|Any CPU
		{D4978EBD-B128-4B45-B60E-D91EAC21873A}.Release|x86.Build.0 = Release|Any CPU
		{DDD629C8-7CB8-4829-869A-2B134C7A20FA}.Debug|Any CPU.ActiveCfg = Debug|Any CPU
		{DDD629C8-7CB8-4829-869A-2B134C7A20FA}.Debug|Any CPU.Build.0 = Debug|Any CPU
		{DDD629C8-7CB8-4829-869A-2B134C7A20FA}.Debug|ARM.ActiveCfg = Debug|Any CPU
		{DDD629C8-7CB8-4829-869A-2B134C7A20FA}.Debug|ARM.Build.0 = Debug|Any CPU
		{DDD629C8-7CB8-4829-869A-2B134C7A20FA}.Debug|iPhone.ActiveCfg = Debug|Any CPU
		{DDD629C8-7CB8-4829-869A-2B134C7A20FA}.Debug|iPhone.Build.0 = Debug|Any CPU
		{DDD629C8-7CB8-4829-869A-2B134C7A20FA}.Debug|iPhoneSimulator.ActiveCfg = Debug|Any CPU
		{DDD629C8-7CB8-4829-869A-2B134C7A20FA}.Debug|iPhoneSimulator.Build.0 = Debug|Any CPU
		{DDD629C8-7CB8-4829-869A-2B134C7A20FA}.Debug|x64.ActiveCfg = Debug|Any CPU
		{DDD629C8-7CB8-4829-869A-2B134C7A20FA}.Debug|x64.Build.0 = Debug|Any CPU
		{DDD629C8-7CB8-4829-869A-2B134C7A20FA}.Debug|x86.ActiveCfg = Debug|Any CPU
		{DDD629C8-7CB8-4829-869A-2B134C7A20FA}.Debug|x86.Build.0 = Debug|Any CPU
		{DDD629C8-7CB8-4829-869A-2B134C7A20FA}.Release|Any CPU.ActiveCfg = Release|Any CPU
		{DDD629C8-7CB8-4829-869A-2B134C7A20FA}.Release|Any CPU.Build.0 = Release|Any CPU
		{DDD629C8-7CB8-4829-869A-2B134C7A20FA}.Release|ARM.ActiveCfg = Release|Any CPU
		{DDD629C8-7CB8-4829-869A-2B134C7A20FA}.Release|ARM.Build.0 = Release|Any CPU
		{DDD629C8-7CB8-4829-869A-2B134C7A20FA}.Release|iPhone.ActiveCfg = Release|Any CPU
		{DDD629C8-7CB8-4829-869A-2B134C7A20FA}.Release|iPhone.Build.0 = Release|Any CPU
		{DDD629C8-7CB8-4829-869A-2B134C7A20FA}.Release|iPhoneSimulator.ActiveCfg = Release|Any CPU
		{DDD629C8-7CB8-4829-869A-2B134C7A20FA}.Release|iPhoneSimulator.Build.0 = Release|Any CPU
		{DDD629C8-7CB8-4829-869A-2B134C7A20FA}.Release|x64.ActiveCfg = Release|Any CPU
		{DDD629C8-7CB8-4829-869A-2B134C7A20FA}.Release|x64.Build.0 = Release|Any CPU
		{DDD629C8-7CB8-4829-869A-2B134C7A20FA}.Release|x86.ActiveCfg = Release|Any CPU
		{DDD629C8-7CB8-4829-869A-2B134C7A20FA}.Release|x86.Build.0 = Release|Any CPU
		{B5FF5E4B-8184-4B2A-A905-D445A09362FA}.Debug|Any CPU.ActiveCfg = Debug|Any CPU
		{B5FF5E4B-8184-4B2A-A905-D445A09362FA}.Debug|Any CPU.Build.0 = Debug|Any CPU
		{B5FF5E4B-8184-4B2A-A905-D445A09362FA}.Debug|ARM.ActiveCfg = Debug|Any CPU
		{B5FF5E4B-8184-4B2A-A905-D445A09362FA}.Debug|ARM.Build.0 = Debug|Any CPU
		{B5FF5E4B-8184-4B2A-A905-D445A09362FA}.Debug|iPhone.ActiveCfg = Debug|Any CPU
		{B5FF5E4B-8184-4B2A-A905-D445A09362FA}.Debug|iPhone.Build.0 = Debug|Any CPU
		{B5FF5E4B-8184-4B2A-A905-D445A09362FA}.Debug|iPhoneSimulator.ActiveCfg = Debug|Any CPU
		{B5FF5E4B-8184-4B2A-A905-D445A09362FA}.Debug|iPhoneSimulator.Build.0 = Debug|Any CPU
		{B5FF5E4B-8184-4B2A-A905-D445A09362FA}.Debug|x64.ActiveCfg = Debug|Any CPU
		{B5FF5E4B-8184-4B2A-A905-D445A09362FA}.Debug|x64.Build.0 = Debug|Any CPU
		{B5FF5E4B-8184-4B2A-A905-D445A09362FA}.Debug|x86.ActiveCfg = Debug|Any CPU
		{B5FF5E4B-8184-4B2A-A905-D445A09362FA}.Debug|x86.Build.0 = Debug|Any CPU
		{B5FF5E4B-8184-4B2A-A905-D445A09362FA}.Release|Any CPU.ActiveCfg = Release|Any CPU
		{B5FF5E4B-8184-4B2A-A905-D445A09362FA}.Release|Any CPU.Build.0 = Release|Any CPU
		{B5FF5E4B-8184-4B2A-A905-D445A09362FA}.Release|ARM.ActiveCfg = Release|Any CPU
		{B5FF5E4B-8184-4B2A-A905-D445A09362FA}.Release|ARM.Build.0 = Release|Any CPU
		{B5FF5E4B-8184-4B2A-A905-D445A09362FA}.Release|iPhone.ActiveCfg = Release|Any CPU
		{B5FF5E4B-8184-4B2A-A905-D445A09362FA}.Release|iPhone.Build.0 = Release|Any CPU
		{B5FF5E4B-8184-4B2A-A905-D445A09362FA}.Release|iPhoneSimulator.ActiveCfg = Release|Any CPU
		{B5FF5E4B-8184-4B2A-A905-D445A09362FA}.Release|iPhoneSimulator.Build.0 = Release|Any CPU
		{B5FF5E4B-8184-4B2A-A905-D445A09362FA}.Release|x64.ActiveCfg = Release|Any CPU
		{B5FF5E4B-8184-4B2A-A905-D445A09362FA}.Release|x64.Build.0 = Release|Any CPU
		{B5FF5E4B-8184-4B2A-A905-D445A09362FA}.Release|x86.ActiveCfg = Release|Any CPU
		{B5FF5E4B-8184-4B2A-A905-D445A09362FA}.Release|x86.Build.0 = Release|Any CPU
		{1AEA594D-19DF-46B9-964C-B6BD11540FA2}.Debug|Any CPU.ActiveCfg = Debug|Any CPU
		{1AEA594D-19DF-46B9-964C-B6BD11540FA2}.Debug|Any CPU.Build.0 = Debug|Any CPU
		{1AEA594D-19DF-46B9-964C-B6BD11540FA2}.Debug|ARM.ActiveCfg = Debug|Any CPU
		{1AEA594D-19DF-46B9-964C-B6BD11540FA2}.Debug|ARM.Build.0 = Debug|Any CPU
		{1AEA594D-19DF-46B9-964C-B6BD11540FA2}.Debug|iPhone.ActiveCfg = Debug|Any CPU
		{1AEA594D-19DF-46B9-964C-B6BD11540FA2}.Debug|iPhone.Build.0 = Debug|Any CPU
		{1AEA594D-19DF-46B9-964C-B6BD11540FA2}.Debug|iPhoneSimulator.ActiveCfg = Debug|Any CPU
		{1AEA594D-19DF-46B9-964C-B6BD11540FA2}.Debug|iPhoneSimulator.Build.0 = Debug|Any CPU
		{1AEA594D-19DF-46B9-964C-B6BD11540FA2}.Debug|x64.ActiveCfg = Debug|Any CPU
		{1AEA594D-19DF-46B9-964C-B6BD11540FA2}.Debug|x64.Build.0 = Debug|Any CPU
		{1AEA594D-19DF-46B9-964C-B6BD11540FA2}.Debug|x86.ActiveCfg = Debug|Any CPU
		{1AEA594D-19DF-46B9-964C-B6BD11540FA2}.Debug|x86.Build.0 = Debug|Any CPU
		{1AEA594D-19DF-46B9-964C-B6BD11540FA2}.Release|Any CPU.ActiveCfg = Release|Any CPU
		{1AEA594D-19DF-46B9-964C-B6BD11540FA2}.Release|Any CPU.Build.0 = Release|Any CPU
		{1AEA594D-19DF-46B9-964C-B6BD11540FA2}.Release|ARM.ActiveCfg = Release|Any CPU
		{1AEA594D-19DF-46B9-964C-B6BD11540FA2}.Release|ARM.Build.0 = Release|Any CPU
		{1AEA594D-19DF-46B9-964C-B6BD11540FA2}.Release|iPhone.ActiveCfg = Release|Any CPU
		{1AEA594D-19DF-46B9-964C-B6BD11540FA2}.Release|iPhone.Build.0 = Release|Any CPU
		{1AEA594D-19DF-46B9-964C-B6BD11540FA2}.Release|iPhoneSimulator.ActiveCfg = Release|Any CPU
		{1AEA594D-19DF-46B9-964C-B6BD11540FA2}.Release|iPhoneSimulator.Build.0 = Release|Any CPU
		{1AEA594D-19DF-46B9-964C-B6BD11540FA2}.Release|x64.ActiveCfg = Release|Any CPU
		{1AEA594D-19DF-46B9-964C-B6BD11540FA2}.Release|x64.Build.0 = Release|Any CPU
		{1AEA594D-19DF-46B9-964C-B6BD11540FA2}.Release|x86.ActiveCfg = Release|Any CPU
		{1AEA594D-19DF-46B9-964C-B6BD11540FA2}.Release|x86.Build.0 = Release|Any CPU
		{A284655C-40E8-4AFE-A8FD-5AAC4728E634}.Debug|Any CPU.ActiveCfg = Debug|Any CPU
		{A284655C-40E8-4AFE-A8FD-5AAC4728E634}.Debug|Any CPU.Build.0 = Debug|Any CPU
		{A284655C-40E8-4AFE-A8FD-5AAC4728E634}.Debug|ARM.ActiveCfg = Debug|Any CPU
		{A284655C-40E8-4AFE-A8FD-5AAC4728E634}.Debug|ARM.Build.0 = Debug|Any CPU
		{A284655C-40E8-4AFE-A8FD-5AAC4728E634}.Debug|iPhone.ActiveCfg = Debug|Any CPU
		{A284655C-40E8-4AFE-A8FD-5AAC4728E634}.Debug|iPhone.Build.0 = Debug|Any CPU
		{A284655C-40E8-4AFE-A8FD-5AAC4728E634}.Debug|iPhoneSimulator.ActiveCfg = Debug|Any CPU
		{A284655C-40E8-4AFE-A8FD-5AAC4728E634}.Debug|iPhoneSimulator.Build.0 = Debug|Any CPU
		{A284655C-40E8-4AFE-A8FD-5AAC4728E634}.Debug|x64.ActiveCfg = Debug|Any CPU
		{A284655C-40E8-4AFE-A8FD-5AAC4728E634}.Debug|x64.Build.0 = Debug|Any CPU
		{A284655C-40E8-4AFE-A8FD-5AAC4728E634}.Debug|x86.ActiveCfg = Debug|Any CPU
		{A284655C-40E8-4AFE-A8FD-5AAC4728E634}.Debug|x86.Build.0 = Debug|Any CPU
		{A284655C-40E8-4AFE-A8FD-5AAC4728E634}.Release|Any CPU.ActiveCfg = Release|Any CPU
		{A284655C-40E8-4AFE-A8FD-5AAC4728E634}.Release|Any CPU.Build.0 = Release|Any CPU
		{A284655C-40E8-4AFE-A8FD-5AAC4728E634}.Release|ARM.ActiveCfg = Release|Any CPU
		{A284655C-40E8-4AFE-A8FD-5AAC4728E634}.Release|ARM.Build.0 = Release|Any CPU
		{A284655C-40E8-4AFE-A8FD-5AAC4728E634}.Release|iPhone.ActiveCfg = Release|Any CPU
		{A284655C-40E8-4AFE-A8FD-5AAC4728E634}.Release|iPhone.Build.0 = Release|Any CPU
		{A284655C-40E8-4AFE-A8FD-5AAC4728E634}.Release|iPhoneSimulator.ActiveCfg = Release|Any CPU
		{A284655C-40E8-4AFE-A8FD-5AAC4728E634}.Release|iPhoneSimulator.Build.0 = Release|Any CPU
		{A284655C-40E8-4AFE-A8FD-5AAC4728E634}.Release|x64.ActiveCfg = Release|Any CPU
		{A284655C-40E8-4AFE-A8FD-5AAC4728E634}.Release|x64.Build.0 = Release|Any CPU
		{A284655C-40E8-4AFE-A8FD-5AAC4728E634}.Release|x86.ActiveCfg = Release|Any CPU
		{A284655C-40E8-4AFE-A8FD-5AAC4728E634}.Release|x86.Build.0 = Release|Any CPU
		{6B457417-A886-4CFE-B95C-32EBE879DC91}.Debug|Any CPU.ActiveCfg = Debug|x86
		{6B457417-A886-4CFE-B95C-32EBE879DC91}.Debug|ARM.ActiveCfg = Debug|ARM
		{6B457417-A886-4CFE-B95C-32EBE879DC91}.Debug|ARM.Build.0 = Debug|ARM
		{6B457417-A886-4CFE-B95C-32EBE879DC91}.Debug|ARM.Deploy.0 = Debug|ARM
		{6B457417-A886-4CFE-B95C-32EBE879DC91}.Debug|iPhone.ActiveCfg = Debug|x86
		{6B457417-A886-4CFE-B95C-32EBE879DC91}.Debug|iPhoneSimulator.ActiveCfg = Debug|x86
		{6B457417-A886-4CFE-B95C-32EBE879DC91}.Debug|x64.ActiveCfg = Debug|x64
		{6B457417-A886-4CFE-B95C-32EBE879DC91}.Debug|x64.Build.0 = Debug|x64
		{6B457417-A886-4CFE-B95C-32EBE879DC91}.Debug|x64.Deploy.0 = Debug|x64
		{6B457417-A886-4CFE-B95C-32EBE879DC91}.Debug|x86.ActiveCfg = Debug|x86
		{6B457417-A886-4CFE-B95C-32EBE879DC91}.Debug|x86.Build.0 = Debug|x86
		{6B457417-A886-4CFE-B95C-32EBE879DC91}.Debug|x86.Deploy.0 = Debug|x86
		{6B457417-A886-4CFE-B95C-32EBE879DC91}.Release|Any CPU.ActiveCfg = Release|x86
		{6B457417-A886-4CFE-B95C-32EBE879DC91}.Release|ARM.ActiveCfg = Release|ARM
		{6B457417-A886-4CFE-B95C-32EBE879DC91}.Release|ARM.Build.0 = Release|ARM
		{6B457417-A886-4CFE-B95C-32EBE879DC91}.Release|ARM.Deploy.0 = Release|ARM
		{6B457417-A886-4CFE-B95C-32EBE879DC91}.Release|iPhone.ActiveCfg = Release|x86
		{6B457417-A886-4CFE-B95C-32EBE879DC91}.Release|iPhoneSimulator.ActiveCfg = Release|x86
		{6B457417-A886-4CFE-B95C-32EBE879DC91}.Release|x64.ActiveCfg = Release|x64
		{6B457417-A886-4CFE-B95C-32EBE879DC91}.Release|x64.Build.0 = Release|x64
		{6B457417-A886-4CFE-B95C-32EBE879DC91}.Release|x64.Deploy.0 = Release|x64
		{6B457417-A886-4CFE-B95C-32EBE879DC91}.Release|x86.ActiveCfg = Release|x86
		{6B457417-A886-4CFE-B95C-32EBE879DC91}.Release|x86.Build.0 = Release|x86
		{6B457417-A886-4CFE-B95C-32EBE879DC91}.Release|x86.Deploy.0 = Release|x86
		{3E131204-E619-4F18-B766-C046A5D81742}.Debug|Any CPU.ActiveCfg = Debug|Any CPU
		{3E131204-E619-4F18-B766-C046A5D81742}.Debug|Any CPU.Build.0 = Debug|Any CPU
		{3E131204-E619-4F18-B766-C046A5D81742}.Debug|Any CPU.Deploy.0 = Debug|Any CPU
		{3E131204-E619-4F18-B766-C046A5D81742}.Debug|ARM.ActiveCfg = Debug|Any CPU
		{3E131204-E619-4F18-B766-C046A5D81742}.Debug|ARM.Build.0 = Debug|Any CPU
		{3E131204-E619-4F18-B766-C046A5D81742}.Debug|ARM.Deploy.0 = Debug|Any CPU
		{3E131204-E619-4F18-B766-C046A5D81742}.Debug|iPhone.ActiveCfg = Debug|Any CPU
		{3E131204-E619-4F18-B766-C046A5D81742}.Debug|iPhone.Build.0 = Debug|Any CPU
		{3E131204-E619-4F18-B766-C046A5D81742}.Debug|iPhone.Deploy.0 = Debug|Any CPU
		{3E131204-E619-4F18-B766-C046A5D81742}.Debug|iPhoneSimulator.ActiveCfg = Debug|Any CPU
		{3E131204-E619-4F18-B766-C046A5D81742}.Debug|iPhoneSimulator.Build.0 = Debug|Any CPU
		{3E131204-E619-4F18-B766-C046A5D81742}.Debug|iPhoneSimulator.Deploy.0 = Debug|Any CPU
		{3E131204-E619-4F18-B766-C046A5D81742}.Debug|x64.ActiveCfg = Debug|Any CPU
		{3E131204-E619-4F18-B766-C046A5D81742}.Debug|x64.Build.0 = Debug|Any CPU
		{3E131204-E619-4F18-B766-C046A5D81742}.Debug|x64.Deploy.0 = Debug|Any CPU
		{3E131204-E619-4F18-B766-C046A5D81742}.Debug|x86.ActiveCfg = Debug|Any CPU
		{3E131204-E619-4F18-B766-C046A5D81742}.Debug|x86.Build.0 = Debug|Any CPU
		{3E131204-E619-4F18-B766-C046A5D81742}.Debug|x86.Deploy.0 = Debug|Any CPU
		{3E131204-E619-4F18-B766-C046A5D81742}.Release|Any CPU.ActiveCfg = Release|Any CPU
		{3E131204-E619-4F18-B766-C046A5D81742}.Release|Any CPU.Build.0 = Release|Any CPU
		{3E131204-E619-4F18-B766-C046A5D81742}.Release|Any CPU.Deploy.0 = Release|Any CPU
		{3E131204-E619-4F18-B766-C046A5D81742}.Release|ARM.ActiveCfg = Release|Any CPU
		{3E131204-E619-4F18-B766-C046A5D81742}.Release|ARM.Build.0 = Release|Any CPU
		{3E131204-E619-4F18-B766-C046A5D81742}.Release|ARM.Deploy.0 = Release|Any CPU
		{3E131204-E619-4F18-B766-C046A5D81742}.Release|iPhone.ActiveCfg = Release|Any CPU
		{3E131204-E619-4F18-B766-C046A5D81742}.Release|iPhone.Build.0 = Release|Any CPU
		{3E131204-E619-4F18-B766-C046A5D81742}.Release|iPhone.Deploy.0 = Release|Any CPU
		{3E131204-E619-4F18-B766-C046A5D81742}.Release|iPhoneSimulator.ActiveCfg = Release|Any CPU
		{3E131204-E619-4F18-B766-C046A5D81742}.Release|iPhoneSimulator.Build.0 = Release|Any CPU
		{3E131204-E619-4F18-B766-C046A5D81742}.Release|iPhoneSimulator.Deploy.0 = Release|Any CPU
		{3E131204-E619-4F18-B766-C046A5D81742}.Release|x64.ActiveCfg = Release|Any CPU
		{3E131204-E619-4F18-B766-C046A5D81742}.Release|x64.Build.0 = Release|Any CPU
		{3E131204-E619-4F18-B766-C046A5D81742}.Release|x64.Deploy.0 = Release|Any CPU
		{3E131204-E619-4F18-B766-C046A5D81742}.Release|x86.ActiveCfg = Release|Any CPU
		{3E131204-E619-4F18-B766-C046A5D81742}.Release|x86.Build.0 = Release|Any CPU
		{3E131204-E619-4F18-B766-C046A5D81742}.Release|x86.Deploy.0 = Release|Any CPU
		{B50CA245-6610-4206-9DC6-C86AD667D7BF}.Debug|Any CPU.ActiveCfg = Debug|iPhone
		{B50CA245-6610-4206-9DC6-C86AD667D7BF}.Debug|ARM.ActiveCfg = Debug|iPhone
		{B50CA245-6610-4206-9DC6-C86AD667D7BF}.Debug|iPhone.ActiveCfg = Debug|iPhone
		{B50CA245-6610-4206-9DC6-C86AD667D7BF}.Debug|iPhone.Build.0 = Debug|iPhone
		{B50CA245-6610-4206-9DC6-C86AD667D7BF}.Debug|iPhoneSimulator.ActiveCfg = Debug|iPhoneSimulator
		{B50CA245-6610-4206-9DC6-C86AD667D7BF}.Debug|iPhoneSimulator.Build.0 = Debug|iPhoneSimulator
		{B50CA245-6610-4206-9DC6-C86AD667D7BF}.Debug|x64.ActiveCfg = Debug|iPhone
		{B50CA245-6610-4206-9DC6-C86AD667D7BF}.Debug|x86.ActiveCfg = Debug|iPhone
		{B50CA245-6610-4206-9DC6-C86AD667D7BF}.Release|Any CPU.ActiveCfg = Release|iPhone
		{B50CA245-6610-4206-9DC6-C86AD667D7BF}.Release|ARM.ActiveCfg = Release|iPhone
		{B50CA245-6610-4206-9DC6-C86AD667D7BF}.Release|iPhone.ActiveCfg = Release|iPhone
		{B50CA245-6610-4206-9DC6-C86AD667D7BF}.Release|iPhone.Build.0 = Release|iPhone
		{B50CA245-6610-4206-9DC6-C86AD667D7BF}.Release|iPhoneSimulator.ActiveCfg = Release|iPhoneSimulator
		{B50CA245-6610-4206-9DC6-C86AD667D7BF}.Release|iPhoneSimulator.Build.0 = Release|iPhoneSimulator
		{B50CA245-6610-4206-9DC6-C86AD667D7BF}.Release|x64.ActiveCfg = Release|iPhone
		{B50CA245-6610-4206-9DC6-C86AD667D7BF}.Release|x86.ActiveCfg = Release|iPhone
		{2CC6CD6B-06D9-405F-9D3F-19617705E866}.Debug|Any CPU.ActiveCfg = Debug|Any CPU
		{2CC6CD6B-06D9-405F-9D3F-19617705E866}.Debug|Any CPU.Build.0 = Debug|Any CPU
		{2CC6CD6B-06D9-405F-9D3F-19617705E866}.Debug|ARM.ActiveCfg = Debug|Any CPU
		{2CC6CD6B-06D9-405F-9D3F-19617705E866}.Debug|ARM.Build.0 = Debug|Any CPU
		{2CC6CD6B-06D9-405F-9D3F-19617705E866}.Debug|iPhone.ActiveCfg = Debug|Any CPU
		{2CC6CD6B-06D9-405F-9D3F-19617705E866}.Debug|iPhone.Build.0 = Debug|Any CPU
		{2CC6CD6B-06D9-405F-9D3F-19617705E866}.Debug|iPhoneSimulator.ActiveCfg = Debug|Any CPU
		{2CC6CD6B-06D9-405F-9D3F-19617705E866}.Debug|iPhoneSimulator.Build.0 = Debug|Any CPU
		{2CC6CD6B-06D9-405F-9D3F-19617705E866}.Debug|x64.ActiveCfg = Debug|Any CPU
		{2CC6CD6B-06D9-405F-9D3F-19617705E866}.Debug|x64.Build.0 = Debug|Any CPU
		{2CC6CD6B-06D9-405F-9D3F-19617705E866}.Debug|x86.ActiveCfg = Debug|Any CPU
		{2CC6CD6B-06D9-405F-9D3F-19617705E866}.Debug|x86.Build.0 = Debug|Any CPU
		{2CC6CD6B-06D9-405F-9D3F-19617705E866}.Release|Any CPU.ActiveCfg = Release|Any CPU
		{2CC6CD6B-06D9-405F-9D3F-19617705E866}.Release|Any CPU.Build.0 = Release|Any CPU
		{2CC6CD6B-06D9-405F-9D3F-19617705E866}.Release|ARM.ActiveCfg = Release|Any CPU
		{2CC6CD6B-06D9-405F-9D3F-19617705E866}.Release|ARM.Build.0 = Release|Any CPU
		{2CC6CD6B-06D9-405F-9D3F-19617705E866}.Release|iPhone.ActiveCfg = Release|Any CPU
		{2CC6CD6B-06D9-405F-9D3F-19617705E866}.Release|iPhone.Build.0 = Release|Any CPU
		{2CC6CD6B-06D9-405F-9D3F-19617705E866}.Release|iPhoneSimulator.ActiveCfg = Release|Any CPU
		{2CC6CD6B-06D9-405F-9D3F-19617705E866}.Release|iPhoneSimulator.Build.0 = Release|Any CPU
		{2CC6CD6B-06D9-405F-9D3F-19617705E866}.Release|x64.ActiveCfg = Release|Any CPU
		{2CC6CD6B-06D9-405F-9D3F-19617705E866}.Release|x64.Build.0 = Release|Any CPU
		{2CC6CD6B-06D9-405F-9D3F-19617705E866}.Release|x86.ActiveCfg = Release|Any CPU
		{2CC6CD6B-06D9-405F-9D3F-19617705E866}.Release|x86.Build.0 = Release|Any CPU
	EndGlobalSection
	GlobalSection(SolutionProperties) = preSolution
		HideSolutionNode = FALSE
	EndGlobalSection
	GlobalSection(NestedProjects) = preSolution
		{1FE999BA-76D7-4370-ACC2-7CF01D4A3010} = {9B8D8306-7951-4065-9461-EF4E1AAF9AA7}
		{B403DB5E-05C1-4D8E-BF31-AEBBCB3C04D5} = {9B8D8306-7951-4065-9461-EF4E1AAF9AA7}
		{77EAC85D-CE6F-4996-9ADC-932A28053D01} = {9B8D8306-7951-4065-9461-EF4E1AAF9AA7}
		{A2A29E24-DC5B-453D-8514-D3DDF79B284F} = {544CAE58-D91C-4142-9CDF-1DB6A5E07E77}
		{36EC8F58-0207-4E6D-B574-C2CD24DE023C} = {544CAE58-D91C-4142-9CDF-1DB6A5E07E77}
		{3D15ED2D-92CD-46C4-9321-D32263809143} = {544CAE58-D91C-4142-9CDF-1DB6A5E07E77}
		{01CDAB83-768A-4595-B1BC-94F1A5537A6D} = {4C578938-3027-44B3-AA20-83F99F483C88}
		{8A8ABB83-CE27-4D3A-9DD4-28CFCDAB4F3B} = {4C578938-3027-44B3-AA20-83F99F483C88}
		{3CF089DC-942E-49CF-8A08-0C742B74CAA7} = {4C578938-3027-44B3-AA20-83F99F483C88}
		{61711E87-3DBB-42B2-BF55-A81D7C816A30} = {8011551E-9A31-4F02-BF51-397018F8C0DA}
		{9E236FCE-FB0A-4A79-AE5E-461F94292DC6} = {8011551E-9A31-4F02-BF51-397018F8C0DA}
		{F833AF9A-A0B4-40D4-BBC0-4DB9019D5D90} = {A98DD89A-0197-4641-8ABF-22B6B19B9EA7}
		{177B6410-E972-4FD3-B2ED-A38EB079DBB3} = {A98DD89A-0197-4641-8ABF-22B6B19B9EA7}
		{AC9F548D-A656-4C89-8752-90C22960E5FA} = {A98DD89A-0197-4641-8ABF-22B6B19B9EA7}
		{B5FF5E4B-8184-4B2A-A905-D445A09362FA} = {9B8D8306-7951-4065-9461-EF4E1AAF9AA7}
		{9B8D8306-7951-4065-9461-EF4E1AAF9AA7} = {6F886F48-6879-48BD-BA86-E6A5733E9CB4}
		{544CAE58-D91C-4142-9CDF-1DB6A5E07E77} = {6F886F48-6879-48BD-BA86-E6A5733E9CB4}
		{A98DD89A-0197-4641-8ABF-22B6B19B9EA7} = {6F886F48-6879-48BD-BA86-E6A5733E9CB4}
		{4C578938-3027-44B3-AA20-83F99F483C88} = {6F886F48-6879-48BD-BA86-E6A5733E9CB4}
		{8011551E-9A31-4F02-BF51-397018F8C0DA} = {6F886F48-6879-48BD-BA86-E6A5733E9CB4}
		{6B457417-A886-4CFE-B95C-32EBE879DC91} = {D9918A8C-37E4-44BE-82C4-B11172F52A2E}
		{3E131204-E619-4F18-B766-C046A5D81742} = {D9918A8C-37E4-44BE-82C4-B11172F52A2E}
		{B50CA245-6610-4206-9DC6-C86AD667D7BF} = {D9918A8C-37E4-44BE-82C4-B11172F52A2E}
		{2CC6CD6B-06D9-405F-9D3F-19617705E866} = {D9918A8C-37E4-44BE-82C4-B11172F52A2E}
	EndGlobalSection
	GlobalSection(ExtensibilityGlobals) = postSolution
		SolutionGuid = {8EE96CFB-B280-442F-BE96-FA7B0023EB6D}
	EndGlobalSection
EndGlobal
